// !$*UTF8*$!
{
	archiveVersion = 1;
	classes = {
	};
	objectVersion = 46;
	objects = {

/* Begin PBXBuildFile section */
		3813CCA914A53AAF00C59107 /* UIKit.framework in Frameworks */ = {isa = PBXBuildFile; fileRef = 3813CCA814A53AAF00C59107 /* UIKit.framework */; };
		3813CCAB14A53AAF00C59107 /* Foundation.framework in Frameworks */ = {isa = PBXBuildFile; fileRef = 3813CCAA14A53AAF00C59107 /* Foundation.framework */; };
		3813CCAD14A53AAF00C59107 /* CoreGraphics.framework in Frameworks */ = {isa = PBXBuildFile; fileRef = 3813CCAC14A53AAF00C59107 /* CoreGraphics.framework */; };
		3813CCB314A53AAF00C59107 /* InfoPlist.strings in Resources */ = {isa = PBXBuildFile; fileRef = 3813CCB114A53AAF00C59107 /* InfoPlist.strings */; };
		3813CCB514A53AAF00C59107 /* main.m in Sources */ = {isa = PBXBuildFile; fileRef = 3813CCB414A53AAF00C59107 /* main.m */; };
		3813CCB914A53AAF00C59107 /* touchMotionAppDelegate.m in Sources */ = {isa = PBXBuildFile; fileRef = 3813CCB814A53AAF00C59107 /* touchMotionAppDelegate.m */; };
		3813CCBC14A53AAF00C59107 /* touchMotionViewController.m in Sources */ = {isa = PBXBuildFile; fileRef = 3813CCBB14A53AAF00C59107 /* touchMotionViewController.m */; };
		3813CCBF14A53AAF00C59107 /* touchMotionViewController_iPhone.xib in Resources */ = {isa = PBXBuildFile; fileRef = 3813CCBD14A53AAF00C59107 /* touchMotionViewController_iPhone.xib */; };
		3813CCC214A53AAF00C59107 /* touchMotionViewController_iPad.xib in Resources */ = {isa = PBXBuildFile; fileRef = 3813CCC014A53AAF00C59107 /* touchMotionViewController_iPad.xib */; };
/* End PBXBuildFile section */

/* Begin PBXFileReference section */
		3813CCA414A53AAF00C59107 /* touchMotion.app */ = {isa = PBXFileReference; explicitFileType = wrapper.application; includeInIndex = 0; path = touchMotion.app; sourceTree = BUILT_PRODUCTS_DIR; };
		3813CCA814A53AAF00C59107 /* UIKit.framework */ = {isa = PBXFileReference; lastKnownFileType = wrapper.framework; name = UIKit.framework; path = System/Library/Frameworks/UIKit.framework; sourceTree = SDKROOT; };
		3813CCAA14A53AAF00C59107 /* Foundation.framework */ = {isa = PBXFileReference; lastKnownFileType = wrapper.framework; name = Foundation.framework; path = System/Library/Frameworks/Foundation.framework; sourceTree = SDKROOT; };
		3813CCAC14A53AAF00C59107 /* CoreGraphics.framework */ = {isa = PBXFileReference; lastKnownFileType = wrapper.framework; name = CoreGraphics.framework; path = System/Library/Frameworks/CoreGraphics.framework; sourceTree = SDKROOT; };
		3813CCB014A53AAF00C59107 /* touchMotion-Info.plist */ = {isa = PBXFileReference; lastKnownFileType = text.plist.xml; path = "touchMotion-Info.plist"; sourceTree = "<group>"; };
		3813CCB214A53AAF00C59107 /* en */ = {isa = PBXFileReference; lastKnownFileType = text.plist.strings; name = en; path = en.lproj/InfoPlist.strings; sourceTree = "<group>"; };
		3813CCB414A53AAF00C59107 /* main.m */ = {isa = PBXFileReference; lastKnownFileType = sourcecode.c.objc; path = main.m; sourceTree = "<group>"; };
		3813CCB614A53AAF00C59107 /* touchMotion-Prefix.pch */ = {isa = PBXFileReference; lastKnownFileType = sourcecode.c.h; path = "touchMotion-Prefix.pch"; sourceTree = "<group>"; };
		3813CCB714A53AAF00C59107 /* touchMotionAppDelegate.h */ = {isa = PBXFileReference; lastKnownFileType = sourcecode.c.h; path = touchMotionAppDelegate.h; sourceTree = "<group>"; };
		3813CCB814A53AAF00C59107 /* touchMotionAppDelegate.m */ = {isa = PBXFileReference; lastKnownFileType = sourcecode.c.objc; path = touchMotionAppDelegate.m; sourceTree = "<group>"; };
		3813CCBA14A53AAF00C59107 /* touchMotionViewController.h */ = {isa = PBXFileReference; lastKnownFileType = sourcecode.c.h; path = touchMotionViewController.h; sourceTree = "<group>"; };
		3813CCBB14A53AAF00C59107 /* touchMotionViewController.m */ = {isa = PBXFileReference; lastKnownFileType = sourcecode.c.objc; path = touchMotionViewController.m; sourceTree = "<group>"; };
		3813CCBE14A53AAF00C59107 /* en */ = {isa = PBXFileReference; lastKnownFileType = file.xib; name = en; path = en.lproj/touchMotionViewController_iPhone.xib; sourceTree = "<group>"; };
		3813CCC114A53AAF00C59107 /* en */ = {isa = PBXFileReference; lastKnownFileType = file.xib; name = en; path = en.lproj/touchMotionViewController_iPad.xib; sourceTree = "<group>"; };
/* End PBXFileReference section */

/* Begin PBXFrameworksBuildPhase section */
		3813CCA114A53AAF00C59107 /* Frameworks */ = {
			isa = PBXFrameworksBuildPhase;
			buildActionMask = 2147483647;
			files = (
				3813CCA914A53AAF00C59107 /* UIKit.framework in Frameworks */,
				3813CCAB14A53AAF00C59107 /* Foundation.framework in Frameworks */,
				3813CCAD14A53AAF00C59107 /* CoreGraphics.framework in Frameworks */,
			);
			runOnlyForDeploymentPostprocessing = 0;
		};
/* End PBXFrameworksBuildPhase section */

/* Begin PBXGroup section */
		3813CC9914A53AAE00C59107 = {
			isa = PBXGroup;
			children = (
				3813CCAE14A53AAF00C59107 /* touchMotion */,
				3813CCA714A53AAF00C59107 /* Frameworks */,
				3813CCA514A53AAF00C59107 /* Products */,
			);
			sourceTree = "<group>";
		};
		3813CCA514A53AAF00C59107 /* Products */ = {
			isa = PBXGroup;
			children = (
				3813CCA414A53AAF00C59107 /* touchMotion.app */,
			);
			name = Products;
			sourceTree = "<group>";
		};
		3813CCA714A53AAF00C59107 /* Frameworks */ = {
			isa = PBXGroup;
			children = (
				3813CCA814A53AAF00C59107 /* UIKit.framework */,
				3813CCAA14A53AAF00C59107 /* Foundation.framework */,
				3813CCAC14A53AAF00C59107 /* CoreGraphics.framework */,
			);
			name = Frameworks;
			sourceTree = "<group>";
		};
		3813CCAE14A53AAF00C59107 /* touchMotion */ = {
			isa = PBXGroup;
			children = (
				3813CCB714A53AAF00C59107 /* touchMotionAppDelegate.h */,
				3813CCB814A53AAF00C59107 /* touchMotionAppDelegate.m */,
				3813CCBA14A53AAF00C59107 /* touchMotionViewController.h */,
				3813CCBB14A53AAF00C59107 /* touchMotionViewController.m */,
				3813CCBD14A53AAF00C59107 /* touchMotionViewController_iPhone.xib */,
				3813CCC014A53AAF00C59107 /* touchMotionViewController_iPad.xib */,
				3813CCAF14A53AAF00C59107 /* Supporting Files */,
			);
			path = touchMotion;
			sourceTree = "<group>";
		};
		3813CCAF14A53AAF00C59107 /* Supporting Files */ = {
			isa = PBXGroup;
			children = (
				3813CCB014A53AAF00C59107 /* touchMotion-Info.plist */,
				3813CCB114A53AAF00C59107 /* InfoPlist.strings */,
				3813CCB414A53AAF00C59107 /* main.m */,
				3813CCB614A53AAF00C59107 /* touchMotion-Prefix.pch */,
			);
			name = "Supporting Files";
			sourceTree = "<group>";
		};
/* End PBXGroup section */

/* Begin PBXNativeTarget section */
		3813CCA314A53AAF00C59107 /* touchMotion */ = {
			isa = PBXNativeTarget;
			buildConfigurationList = 3813CCC514A53AAF00C59107 /* Build configuration list for PBXNativeTarget "touchMotion" */;
			buildPhases = (
				3813CCA014A53AAF00C59107 /* Sources */,
				3813CCA114A53AAF00C59107 /* Frameworks */,
				3813CCA214A53AAF00C59107 /* Resources */,
			);
			buildRules = (
			);
			dependencies = (
			);
			name = touchMotion;
			productName = touchMotion;
			productReference = 3813CCA414A53AAF00C59107 /* touchMotion.app */;
			productType = "com.apple.product-type.application";
		};
/* End PBXNativeTarget section */

/* Begin PBXProject section */
		3813CC9B14A53AAE00C59107 /* Project object */ = {
			isa = PBXProject;
			attributes = {
				LastUpgradeCheck = 0420;
				ORGANIZATIONNAME = WestWorld;
			};
			buildConfigurationList = 3813CC9E14A53AAE00C59107 /* Build configuration list for PBXProject "touchMotion" */;
			compatibilityVersion = "Xcode 3.2";
			developmentRegion = English;
			hasScannedForEncodings = 0;
			knownRegions = (
				en,
			);
			mainGroup = 3813CC9914A53AAE00C59107;
			productRefGroup = 3813CCA514A53AAF00C59107 /* Products */;
			projectDirPath = "";
			projectRoot = "";
			targets = (
				3813CCA314A53AAF00C59107 /* touchMotion */,
			);
		};
/* End PBXProject section */

/* Begin PBXResourcesBuildPhase section */
		3813CCA214A53AAF00C59107 /* Resources */ = {
			isa = PBXResourcesBuildPhase;
			buildActionMask = 2147483647;
			files = (
				3813CCB314A53AAF00C59107 /* InfoPlist.strings in Resources */,
				3813CCBF14A53AAF00C59107 /* touchMotionViewController_iPhone.xib in Resources */,
				3813CCC214A53AAF00C59107 /* touchMotionViewController_iPad.xib in Resources */,
			);
			runOnlyForDeploymentPostprocessing = 0;
		};
/* End PBXResourcesBuildPhase section */

/* Begin PBXSourcesBuildPhase section */
		3813CCA014A53AAF00C59107 /* Sources */ = {
			isa = PBXSourcesBuildPhase;
			buildActionMask = 2147483647;
			files = (
				3813CCB514A53AAF00C59107 /* main.m in Sources */,
				3813CCB914A53AAF00C59107 /* touchMotionAppDelegate.m in Sources */,
				3813CCBC14A53AAF00C59107 /* touchMotionViewController.m in Sources */,
			);
			runOnlyForDeploymentPostprocessing = 0;
		};
/* End PBXSourcesBuildPhase section */

/* Begin PBXVariantGroup section */
		3813CCB114A53AAF00C59107 /* InfoPlist.strings */ = {
			isa = PBXVariantGroup;
			children = (
				3813CCB214A53AAF00C59107 /* en */,
			);
			name = InfoPlist.strings;
			sourceTree = "<group>";
		};
		3813CCBD14A53AAF00C59107 /* touchMotionViewController_iPhone.xib */ = {
			isa = PBXVariantGroup;
			children = (
				3813CCBE14A53AAF00C59107 /* en */,
			);
			name = touchMotionViewController_iPhone.xib;
			sourceTree = "<group>";
		};
		3813CCC014A53AAF00C59107 /* touchMotionViewController_iPad.xib */ = {
			isa = PBXVariantGroup;
			children = (
				3813CCC114A53AAF00C59107 /* en */,
			);
			name = touchMotionViewController_iPad.xib;
			sourceTree = "<group>";
		};
/* End PBXVariantGroup section */

/* Begin XCBuildConfiguration section */
		3813CCC314A53AAF00C59107 /* Debug */ = {
			isa = XCBuildConfiguration;
			buildSettings = {
				ALWAYS_SEARCH_USER_PATHS = NO;
				ARCHS = "$(ARCHS_STANDARD_32_BIT)";
				CLANG_ENABLE_OBJC_ARC = YES;
				"CODE_SIGN_IDENTITY[sdk=iphoneos*]" = "iPhone Developer";
				COPY_PHASE_STRIP = NO;
				GCC_C_LANGUAGE_STANDARD = gnu99;
				GCC_DYNAMIC_NO_PIC = NO;
				GCC_OPTIMIZATION_LEVEL = 0;
				GCC_PREPROCESSOR_DEFINITIONS = (
					"DEBUG=1",
					"$(inherited)",
				);
				GCC_SYMBOLS_PRIVATE_EXTERN = NO;
				GCC_VERSION = com.apple.compilers.llvm.clang.1_0;
				GCC_WARN_ABOUT_MISSING_PROTOTYPES = YES;
				GCC_WARN_ABOUT_RETURN_TYPE = YES;
				GCC_WARN_UNUSED_VARIABLE = YES;
				IPHONEOS_DEPLOYMENT_TARGET = 5.0;
				SDKROOT = iphoneos;
				TARGETED_DEVICE_FAMILY = "1,2";
			};
			name = Debug;
		};
		3813CCC414A53AAF00C59107 /* Release */ = {
			isa = XCBuildConfiguration;
			buildSettings = {
				ALWAYS_SEARCH_USER_PATHS = NO;
				ARCHS = "$(ARCHS_STANDARD_32_BIT)";
				CLANG_ENABLE_OBJC_ARC = YES;
				"CODE_SIGN_IDENTITY[sdk=iphoneos*]" = "iPhone Developer";
				COPY_PHASE_STRIP = YES;
				GCC_C_LANGUAGE_STANDARD = gnu99;
				GCC_VERSION = com.apple.compilers.llvm.clang.1_0;
				GCC_WARN_ABOUT_MISSING_PROTOTYPES = YES;
				GCC_WARN_ABOUT_RETURN_TYPE = YES;
				GCC_WARN_UNUSED_VARIABLE = YES;
				IPHONEOS_DEPLOYMENT_TARGET = 5.0;
				OTHER_CFLAGS = "-DNS_BLOCK_ASSERTIONS=1";
				SDKROOT = iphoneos;
				TARGETED_DEVICE_FAMILY = "1,2";
				VALIDATE_PRODUCT = YES;
			};
			name = Release;
		};
		3813CCC614A53AAF00C59107 /* Debug */ = {
			isa = XCBuildConfiguration;
			buildSettings = {
				GCC_PRECOMPILE_PREFIX_HEADER = YES;
				GCC_PREFIX_HEADER = "touchMotion/touchMotion-Prefix.pch";
				INFOPLIST_FILE = "touchMotion/touchMotion-Info.plist";
				PRODUCT_NAME = "$(TARGET_NAME)";
				WRAPPER_EXTENSION = app;
			};
			name = Debug;
		};
		3813CCC714A53AAF00C59107 /* Release */ = {
			isa = XCBuildConfiguration;
			buildSettings = {
				GCC_PRECOMPILE_PREFIX_HEADER = YES;
				GCC_PREFIX_HEADER = "touchMotion/touchMotion-Prefix.pch";
				INFOPLIST_FILE = "touchMotion/touchMotion-Info.plist";
				PRODUCT_NAME = "$(TARGET_NAME)";
				WRAPPER_EXTENSION = app;
			};
			name = Release;
		};
/* End XCBuildConfiguration section */

/* Begin XCConfigurationList section */
		3813CC9E14A53AAE00C59107 /* Build configuration list for PBXProject "touchMotion" */ = {
			isa = XCConfigurationList;
			buildConfigurations = (
				3813CCC314A53AAF00C59107 /* Debug */,
				3813CCC414A53AAF00C59107 /* Release */,
			);
			defaultConfigurationIsVisible = 0;
			defaultConfigurationName = Release;
		};
		3813CCC514A53AAF00C59107 /* Build configuration list for PBXNativeTarget "touchMotion" */ = {
			isa = XCConfigurationList;
			buildConfigurations = (
				3813CCC614A53AAF00C59107 /* Debug */,
				3813CCC714A53AAF00C59107 /* Release */,
			);
			defaultConfigurationIsVisible = 0;
		};
/* End XCConfigurationList section */
	};
	rootObject = 3813CC9B14A53AAE00C59107 /* Project object */;
}
